// !$*UTF8*$!
{
	archiveVersion = 1;
	classes = {
	};
	objectVersion = 50;
	objects = {

/* Begin PBXBuildFile section */
		1765940E26A6BC69008D81EA /* AppDelegate.swift in Sources */ = {isa = PBXBuildFile; fileRef = 1765940D26A6BC69008D81EA /* AppDelegate.swift */; };
		1765941026A6BC69008D81EA /* SceneDelegate.swift in Sources */ = {isa = PBXBuildFile; fileRef = 1765940F26A6BC69008D81EA /* SceneDelegate.swift */; };
		1765941226A6BC69008D81EA /* ViewController.swift in Sources */ = {isa = PBXBuildFile; fileRef = 1765941126A6BC69008D81EA /* ViewController.swift */; };
		1765941526A6BC69008D81EA /* Main.storyboard in Resources */ = {isa = PBXBuildFile; fileRef = 1765941326A6BC69008D81EA /* Main.storyboard */; };
		1765941726A6BC6B008D81EA /* Assets.xcassets in Resources */ = {isa = PBXBuildFile; fileRef = 1765941626A6BC6B008D81EA /* Assets.xcassets */; };
		1765941A26A6BC6B008D81EA /* LaunchScreen.storyboard in Resources */ = {isa = PBXBuildFile; fileRef = 1765941826A6BC6B008D81EA /* LaunchScreen.storyboard */; };
		1773B4DA26A6BC9F00491E37 /* ProfileClusterView.swift in Sources */ = {isa = PBXBuildFile; fileRef = 1773B4D926A6BC9F00491E37 /* ProfileClusterView.swift */; };
		1773B4DC26A6C01800491E37 /* README.md in Resources */ = {isa = PBXBuildFile; fileRef = 1773B4DB26A6C01800491E37 /* README.md */; };
/* End PBXBuildFile section */

/* Begin PBXFileReference section */
		1765940A26A6BC69008D81EA /* ProfileClusterDemo.app */ = {isa = PBXFileReference; explicitFileType = wrapper.application; includeInIndex = 0; path = ProfileClusterDemo.app; sourceTree = BUILT_PRODUCTS_DIR; };
		1765940D26A6BC69008D81EA /* AppDelegate.swift */ = {isa = PBXFileReference; lastKnownFileType = sourcecode.swift; path = AppDelegate.swift; sourceTree = "<group>"; };
		1765940F26A6BC69008D81EA /* SceneDelegate.swift */ = {isa = PBXFileReference; lastKnownFileType = sourcecode.swift; path = SceneDelegate.swift; sourceTree = "<group>"; };
		1765941126A6BC69008D81EA /* ViewController.swift */ = {isa = PBXFileReference; lastKnownFileType = sourcecode.swift; path = ViewController.swift; sourceTree = "<group>"; };
		1765941426A6BC69008D81EA /* Base */ = {isa = PBXFileReference; lastKnownFileType = file.storyboard; name = Base; path = Base.lproj/Main.storyboard; sourceTree = "<group>"; };
		1765941626A6BC6B008D81EA /* Assets.xcassets */ = {isa = PBXFileReference; lastKnownFileType = folder.assetcatalog; path = Assets.xcassets; sourceTree = "<group>"; };
		1765941926A6BC6B008D81EA /* Base */ = {isa = PBXFileReference; lastKnownFileType = file.storyboard; name = Base; path = Base.lproj/LaunchScreen.storyboard; sourceTree = "<group>"; };
		1765941B26A6BC6B008D81EA /* Info.plist */ = {isa = PBXFileReference; lastKnownFileType = text.plist.xml; path = Info.plist; sourceTree = "<group>"; };
		1773B4D926A6BC9F00491E37 /* ProfileClusterView.swift */ = {isa = PBXFileReference; fileEncoding = 4; lastKnownFileType = sourcecode.swift; path = ProfileClusterView.swift; sourceTree = "<group>"; };
		1773B4DB26A6C01800491E37 /* README.md */ = {isa = PBXFileReference; fileEncoding = 4; lastKnownFileType = net.daringfireball.markdown; path = README.md; sourceTree = "<group>"; };
/* End PBXFileReference section */

/* Begin PBXFrameworksBuildPhase section */
		1765940726A6BC69008D81EA /* Frameworks */ = {
			isa = PBXFrameworksBuildPhase;
			buildActionMask = 2147483647;
			files = (
			);
			runOnlyForDeploymentPostprocessing = 0;
		};
/* End PBXFrameworksBuildPhase section */

/* Begin PBXGroup section */
		1765940126A6BC69008D81EA = {
			isa = PBXGroup;
			children = (
				1773B4DB26A6C01800491E37 /* README.md */,
				1765940C26A6BC69008D81EA /* ProfileClusterDemo */,
				1765940B26A6BC69008D81EA /* Products */,
			);
			sourceTree = "<group>";
		};
		1765940B26A6BC69008D81EA /* Products */ = {
			isa = PBXGroup;
			children = (
				1765940A26A6BC69008D81EA /* ProfileClusterDemo.app */,
			);
			name = Products;
			sourceTree = "<group>";
		};
		1765940C26A6BC69008D81EA /* ProfileClusterDemo */ = {
			isa = PBXGroup;
			children = (
				1773B4D926A6BC9F00491E37 /* ProfileClusterView.swift */,
				1765940D26A6BC69008D81EA /* AppDelegate.swift */,
				1765940F26A6BC69008D81EA /* SceneDelegate.swift */,
				1765941126A6BC69008D81EA /* ViewController.swift */,
				1765941326A6BC69008D81EA /* Main.storyboard */,
				1765941626A6BC6B008D81EA /* Assets.xcassets */,
				1765941826A6BC6B008D81EA /* LaunchScreen.storyboard */,
				1765941B26A6BC6B008D81EA /* Info.plist */,
			);
			path = ProfileClusterDemo;
			sourceTree = "<group>";
		};
/* End PBXGroup section */

/* Begin PBXNativeTarget section */
		1765940926A6BC69008D81EA /* ProfileClusterDemo */ = {
			isa = PBXNativeTarget;
			buildConfigurationList = 1765941E26A6BC6B008D81EA /* Build configuration list for PBXNativeTarget "ProfileClusterDemo" */;
			buildPhases = (
				1765940626A6BC69008D81EA /* Sources */,
				1765940726A6BC69008D81EA /* Frameworks */,
				1765940826A6BC69008D81EA /* Resources */,
			);
			buildRules = (
			);
			dependencies = (
			);
			name = ProfileClusterDemo;
			productName = ProfileClusterDemo;
			productReference = 1765940A26A6BC69008D81EA /* ProfileClusterDemo.app */;
			productType = "com.apple.product-type.application";
		};
/* End PBXNativeTarget section */

/* Begin PBXProject section */
		1765940226A6BC69008D81EA /* Project object */ = {
			isa = PBXProject;
			attributes = {
				LastSwiftUpdateCheck = 1250;
				LastUpgradeCheck = 1250;
				TargetAttributes = {
					1765940926A6BC69008D81EA = {
						CreatedOnToolsVersion = 12.5.1;
					};
				};
			};
			buildConfigurationList = 1765940526A6BC69008D81EA /* Build configuration list for PBXProject "ProfileClusterDemo" */;
			compatibilityVersion = "Xcode 9.3";
			developmentRegion = en;
			hasScannedForEncodings = 0;
			knownRegions = (
				en,
				Base,
			);
			mainGroup = 1765940126A6BC69008D81EA;
			productRefGroup = 1765940B26A6BC69008D81EA /* Products */;
			projectDirPath = "";
			projectRoot = "";
			targets = (
				1765940926A6BC69008D81EA /* ProfileClusterDemo */,
			);
		};
/* End PBXProject section */

/* Begin PBXResourcesBuildPhase section */
		1765940826A6BC69008D81EA /* Resources */ = {
			isa = PBXResourcesBuildPhase;
			buildActionMask = 2147483647;
			files = (
				1765941A26A6BC6B008D81EA /* LaunchScreen.storyboard in Resources */,
				1765941726A6BC6B008D81EA /* Assets.xcassets in Resources */,
				1773B4DC26A6C01800491E37 /* README.md in Resources */,
				1765941526A6BC69008D81EA /* Main.storyboard in Resources */,
			);
			runOnlyForDeploymentPostprocessing = 0;
		};
/* End PBXResourcesBuildPhase section */

/* Begin PBXSourcesBuildPhase section */
		1765940626A6BC69008D81EA /* Sources */ = {
			isa = PBXSourcesBuildPhase;
			buildActionMask = 2147483647;
			files = (
				1765941226A6BC69008D81EA /* ViewController.swift in Sources */,
				1773B4DA26A6BC9F00491E37 /* ProfileClusterView.swift in Sources */,
				1765940E26A6BC69008D81EA /* AppDelegate.swift in Sources */,
				1765941026A6BC69008D81EA /* SceneDelegate.swift in Sources */,
			);
			runOnlyForDeploymentPostprocessing = 0;
		};
/* End PBXSourcesBuildPhase section */

/* Begin PBXVariantGroup section */
		1765941326A6BC69008D81EA /* Main.storyboard */ = {
			isa = PBXVariantGroup;
			children = (
				1765941426A6BC69008D81EA /* Base */,
			);
			name = Main.storyboard;
			sourceTree = "<group>";
		};
		1765941826A6BC6B008D81EA /* LaunchScreen.storyboard */ = {
			isa = PBXVariantGroup;
			children = (
				1765941926A6BC6B008D81EA /* Base */,
			);
			name = LaunchScreen.storyboard;
			sourceTree = "<group>";
		};
/* End PBXVariantGroup section */

/* Begin XCBuildConfiguration section */
		1765941C26A6BC6B008D81EA /* Debug */ = {
			isa = XCBuildConfiguration;
			buildSettings = {
				ALWAYS_SEARCH_USER_PATHS = NO;
				CLANG_ANALYZER_NONNULL = YES;
				CLANG_ANALYZER_NUMBER_OBJECT_CONVERSION = YES_AGGRESSIVE;
				CLANG_CXX_LANGUAGE_STANDARD = "gnu++14";
				CLANG_CXX_LIBRARY = "libc++";
				CLANG_ENABLE_MODULES = YES;
				CLANG_ENABLE_OBJC_ARC = YES;
				CLANG_ENABLE_OBJC_WEAK = YES;
				CLANG_WARN_BLOCK_CAPTURE_AUTORELEASING = YES;
				CLANG_WARN_BOOL_CONVERSION = YES;
				CLANG_WARN_COMMA = YES;
				CLANG_WARN_CONSTANT_CONVERSION = YES;
				CLANG_WARN_DEPRECATED_OBJC_IMPLEMENTATIONS = YES;
				CLANG_WARN_DIRECT_OBJC_ISA_USAGE = YES_ERROR;
				CLANG_WARN_DOCUMENTATION_COMMENTS = YES;
				CLANG_WARN_EMPTY_BODY = YES;
				CLANG_WARN_ENUM_CONVERSION = YES;
				CLANG_WARN_INFINITE_RECURSION = YES;
				CLANG_WARN_INT_CONVERSION = YES;
				CLANG_WARN_NON_LITERAL_NULL_CONVERSION = YES;
				CLANG_WARN_OBJC_IMPLICIT_RETAIN_SELF = YES;
				CLANG_WARN_OBJC_LITERAL_CONVERSION = YES;
				CLANG_WARN_OBJC_ROOT_CLASS = YES_ERROR;
				CLANG_WARN_QUOTED_INCLUDE_IN_FRAMEWORK_HEADER = YES;
				CLANG_WARN_RANGE_LOOP_ANALYSIS = YES;
				CLANG_WARN_STRICT_PROTOTYPES = YES;
				CLANG_WARN_SUSPICIOUS_MOVE = YES;
				CLANG_WARN_UNGUARDED_AVAILABILITY = YES_AGGRESSIVE;
				CLANG_WARN_UNREACHABLE_CODE = YES;
				CLANG_WARN__DUPLICATE_METHOD_MATCH = YES;
				COPY_PHASE_STRIP = NO;
				DEBUG_INFORMATION_FORMAT = dwarf;
				ENABLE_STRICT_OBJC_MSGSEND = YES;
				ENABLE_TESTABILITY = YES;
				GCC_C_LANGUAGE_STANDARD = gnu11;
				GCC_DYNAMIC_NO_PIC = NO;
				GCC_NO_COMMON_BLOCKS = YES;
				GCC_OPTIMIZATION_LEVEL = 0;
				GCC_PREPROCESSOR_DEFINITIONS = (
					"DEBUG=1",
					"$(inherited)",
				);
				GCC_WARN_64_TO_32_BIT_CONVERSION = YES;
				GCC_WARN_ABOUT_RETURN_TYPE = YES_ERROR;
				GCC_WARN_UNDECLARED_SELECTOR = YES;
				GCC_WARN_UNINITIALIZED_AUTOS = YES_AGGRESSIVE;
				GCC_WARN_UNUSED_FUNCTION = YES;
				GCC_WARN_UNUSED_VARIABLE = YES;
				IPHONEOS_DEPLOYMENT_TARGET = 14.5;
				MTL_ENABLE_DEBUG_INFO = INCLUDE_SOURCE;
				MTL_FAST_MATH = YES;
				ONLY_ACTIVE_ARCH = YES;
				SDKROOT = iphoneos;
				SWIFT_ACTIVE_COMPILATION_CONDITIONS = DEBUG;
				SWIFT_OPTIMIZATION_LEVEL = "-Onone";
			};
			name = Debug;
		};
		1765941D26A6BC6B008D81EA /* Release */ = {
			isa = XCBuildConfiguration;
			buildSettings = {
				ALWAYS_SEARCH_USER_PATHS = NO;
				CLANG_ANALYZER_NONNULL = YES;
				CLANG_ANALYZER_NUMBER_OBJECT_CONVERSION = YES_AGGRESSIVE;
				CLANG_CXX_LANGUAGE_STANDARD = "gnu++14";
				CLANG_CXX_LIBRARY = "libc++";
				CLANG_ENABLE_MODULES = YES;
				CLANG_ENABLE_OBJC_ARC = YES;
				CLANG_ENABLE_OBJC_WEAK = YES;
				CLANG_WARN_BLOCK_CAPTURE_AUTORELEASING = YES;
				CLANG_WARN_BOOL_CONVERSION = YES;
				CLANG_WARN_COMMA = YES;
				CLANG_WARN_CONSTANT_CONVERSION = YES;
				CLANG_WARN_DEPRECATED_OBJC_IMPLEMENTATIONS = YES;
				CLANG_WARN_DIRECT_OBJC_ISA_USAGE = YES_ERROR;
				CLANG_WARN_DOCUMENTATION_COMMENTS = YES;
				CLANG_WARN_EMPTY_BODY = YES;
				CLANG_WARN_ENUM_CONVERSION = YES;
				CLANG_WARN_INFINITE_RECURSION = YES;
				CLANG_WARN_INT_CONVERSION = YES;
				CLANG_WARN_NON_LITERAL_NULL_CONVERSION = YES;
				CLANG_WARN_OBJC_IMPLICIT_RETAIN_SELF = YES;
				CLANG_WARN_OBJC_LITERAL_CONVERSION = YES;
				CLANG_WARN_OBJC_ROOT_CLASS = YES_ERROR;
				CLANG_WARN_QUOTED_INCLUDE_IN_FRAMEWORK_HEADER = YES;
				CLANG_WARN_RANGE_LOOP_ANALYSIS = YES;
				CLANG_WARN_STRICT_PROTOTYPES = YES;
				CLANG_WARN_SUSPICIOUS_MOVE = YES;
				CLANG_WARN_UNGUARDED_AVAILABILITY = YES_AGGRESSIVE;
				CLANG_WARN_UNREACHABLE_CODE = YES;
				CLANG_WARN__DUPLICATE_METHOD_MATCH = YES;
				COPY_PHASE_STRIP = NO;
				DEBUG_INFORMATION_FORMAT = "dwarf-with-dsym";
				ENABLE_NS_ASSERTIONS = NO;
				ENABLE_STRICT_OBJC_MSGSEND = YES;
				GCC_C_LANGUAGE_STANDARD = gnu11;
				GCC_NO_COMMON_BLOCKS = YES;
				GCC_WARN_64_TO_32_BIT_CONVERSION = YES;
				GCC_WARN_ABOUT_RETURN_TYPE = YES_ERROR;
				GCC_WARN_UNDECLARED_SELECTOR = YES;
				GCC_WARN_UNINITIALIZED_AUTOS = YES_AGGRESSIVE;
				GCC_WARN_UNUSED_FUNCTION = YES;
				GCC_WARN_UNUSED_VARIABLE = YES;
				IPHONEOS_DEPLOYMENT_TARGET = 14.5;
				MTL_ENABLE_DEBUG_INFO = NO;
				MTL_FAST_MATH = YES;
				SDKROOT = iphoneos;
				SWIFT_COMPILATION_MODE = wholemodule;
				SWIFT_OPTIMIZATION_LEVEL = "-O";
				VALIDATE_PRODUCT = YES;
			};
			name = Release;
		};
		1765941F26A6BC6B008D81EA /* Debug */ = {
			isa = XCBuildConfiguration;
			buildSettings = {
				ASSETCATALOG_COMPILER_APPICON_NAME = AppIcon;
				ASSETCATALOG_COMPILER_GLOBAL_ACCENT_COLOR_NAME = AccentColor;
				CODE_SIGN_STYLE = Automatic;
				INFOPLIST_FILE = ProfileClusterDemo/Info.plist;
				LD_RUNPATH_SEARCH_PATHS = (
					"$(inherited)",
					"@executable_path/Frameworks",
				);
				PRODUCT_BUNDLE_IDENTIFIER = com.chanonly.ProfileClusterDemo;
				PRODUCT_NAME = "$(TARGET_NAME)";
				SWIFT_VERSION = 5.0;
				TARGETED_DEVICE_FAMILY = "1,2";
			};
			name = Debug;
		};
		1765942026A6BC6B008D81EA /* Release */ = {
			isa = XCBuildConfiguration;
			buildSettings = {
				ASSETCATALOG_COMPILER_APPICON_NAME = AppIcon;
				ASSETCATALOG_COMPILER_GLOBAL_ACCENT_COLOR_NAME = AccentColor;
				CODE_SIGN_STYLE = Automatic;
				INFOPLIST_FILE = ProfileClusterDemo/Info.plist;
				LD_RUNPATH_SEARCH_PATHS = (
					"$(inherited)",
					"@executable_path/Frameworks",
				);
				PRODUCT_BUNDLE_IDENTIFIER = com.chanonly.ProfileClusterDemo;
				PRODUCT_NAME = "$(TARGET_NAME)";
				SWIFT_VERSION = 5.0;
				TARGETED_DEVICE_FAMILY = "1,2";
			};
			name = Release;
		};
/* End XCBuildConfiguration section */

/* Begin XCConfigurationList section */
		1765940526A6BC69008D81EA /* Build configuration list for PBXProject "ProfileClusterDemo" */ = {
			isa = XCConfigurationList;
			buildConfigurations = (
				1765941C26A6BC6B008D81EA /* Debug */,
				1765941D26A6BC6B008D81EA /* Release */,
			);
			defaultConfigurationIsVisible = 0;
			defaultConfigurationName = Release;
		};
		1765941E26A6BC6B008D81EA /* Build configuration list for PBXNativeTarget "ProfileClusterDemo" */ = {
			isa = XCConfigurationList;
			buildConfigurations = (
				1765941F26A6BC6B008D81EA /* Debug */,
				1765942026A6BC6B008D81EA /* Release */,
			);
			defaultConfigurationIsVisible = 0;
			defaultConfigurationName = Release;
		};
/* End XCConfigurationList section */
	};
	rootObject = 1765940226A6BC69008D81EA /* Project object */;
}
